
Microsoft Visual Studio Solution File, Format Version 12.00
# Visual Studio Version 17
VisualStudioVersion = 17.3.32929.385
MinimumVisualStudioVersion = 10.0.40219.1
Project("{FAE04EC0-301F-11D3-BF4B-00C04F79EFBC}") = "01. Valid Usernames", "01. Valid Usernames.csproj", "{6C2B3C41-40B4-42BB-BC8E-C997F0469CEF}"
EndProject
Global
	GlobalSection(SolutionConfigurationPlatforms) = preSolution
		Debug|Any CPU = Debug|Any CPU
		Release|Any CPU = Release|Any CPU
	EndGlobalSection
	GlobalSection(ProjectConfigurationPlatforms) = postSolution
		{6C2B3C41-40B4-42BB-BC8E-C997F0469CEF}.Debug|Any CPU.ActiveCfg = Debug|Any CPU
		{6C2B3C41-40B4-42BB-BC8E-C997F0469CEF}.Debug|Any CPU.Build.0 = Debug|Any CPU
		{6C2B3C41-40B4-42BB-BC8E-C997F0469CEF}.Release|Any CPU.ActiveCfg = Release|Any CPU
		{6C2B3C41-40B4-42BB-BC8E-C997F0469CEF}.Release|Any CPU.Build.0 = Release|Any CPU
	EndGlobalSection
	GlobalSection(SolutionProperties) = preSolution
		HideSolutionNode = FALSE
	EndGlobalSection
	GlobalSection(ExtensibilityGlobals) = postSolution
		SolutionGuid = {F6BED3A3-BF91-493B-A7F1-AB95C52287FB}
	EndGlobalSection
EndGlobal
