
Microsoft Visual Studio Solution File, Format Version 12.00
# Visual Studio Version 17
VisualStudioVersion = 17.3.32901.215
MinimumVisualStudioVersion = 10.0.40219.1
Project("{FAE04EC0-301F-11D3-BF4B-00C04F79EFBC}") = "02. Passed", "02. Passed.csproj", "{754DC814-192B-42E9-AE08-B89506923EA0}"
EndProject
Global
	GlobalSection(SolutionConfigurationPlatforms) = preSolution
		Debug|Any CPU = Debug|Any CPU
		Release|Any CPU = Release|Any CPU
	EndGlobalSection
	GlobalSection(ProjectConfigurationPlatforms) = postSolution
		{754DC814-192B-42E9-AE08-B89506923EA0}.Debug|Any CPU.ActiveCfg = Debug|Any CPU
		{754DC814-192B-42E9-AE08-B89506923EA0}.Debug|Any CPU.Build.0 = Debug|Any CPU
		{754DC814-192B-42E9-AE08-B89506923EA0}.Release|Any CPU.ActiveCfg = Release|Any CPU
		{754DC814-192B-42E9-AE08-B89506923EA0}.Release|Any CPU.Build.0 = Release|Any CPU
	EndGlobalSection
	GlobalSection(SolutionProperties) = preSolution
		HideSolutionNode = FALSE
	EndGlobalSection
	GlobalSection(ExtensibilityGlobals) = postSolution
		SolutionGuid = {F82F9031-0050-41D5-95C4-57AC5C71D467}
	EndGlobalSection
EndGlobal
