
Microsoft Visual Studio Solution File, Format Version 12.00
# Visual Studio Version 17
VisualStudioVersion = 17.3.32901.215
MinimumVisualStudioVersion = 10.0.40219.1
Project("{FAE04EC0-301F-11D3-BF4B-00C04F79EFBC}") = "05. Month Printer", "05. Month Printer.csproj", "{7E577121-BF75-4F9E-8896-54AC5275D1B5}"
EndProject
Global
	GlobalSection(SolutionConfigurationPlatforms) = preSolution
		Debug|Any CPU = Debug|Any CPU
		Release|Any CPU = Release|Any CPU
	EndGlobalSection
	GlobalSection(ProjectConfigurationPlatforms) = postSolution
		{7E577121-BF75-4F9E-8896-54AC5275D1B5}.Debug|Any CPU.ActiveCfg = Debug|Any CPU
		{7E577121-BF75-4F9E-8896-54AC5275D1B5}.Debug|Any CPU.Build.0 = Debug|Any CPU
		{7E577121-BF75-4F9E-8896-54AC5275D1B5}.Release|Any CPU.ActiveCfg = Release|Any CPU
		{7E577121-BF75-4F9E-8896-54AC5275D1B5}.Release|Any CPU.Build.0 = Release|Any CPU
	EndGlobalSection
	GlobalSection(SolutionProperties) = preSolution
		HideSolutionNode = FALSE
	EndGlobalSection
	GlobalSection(ExtensibilityGlobals) = postSolution
		SolutionGuid = {C283C8D5-C8AF-4B7D-A32E-CC1985951276}
	EndGlobalSection
EndGlobal
