
Microsoft Visual Studio Solution File, Format Version 12.00
# Visual Studio Version 17
VisualStudioVersion = 17.4.33110.190
MinimumVisualStudioVersion = 10.0.40219.1
Project("{FAE04EC0-301F-11D3-BF4B-00C04F79EFBC}") = "02. Fancy Barcodes", "02. Fancy Barcodes.csproj", "{BB025538-55A6-4670-BF45-5F289B8E3855}"
EndProject
Global
	GlobalSection(SolutionConfigurationPlatforms) = preSolution
		Debug|Any CPU = Debug|Any CPU
		Release|Any CPU = Release|Any CPU
	EndGlobalSection
	GlobalSection(ProjectConfigurationPlatforms) = postSolution
		{BB025538-55A6-4670-BF45-5F289B8E3855}.Debug|Any CPU.ActiveCfg = Debug|Any CPU
		{BB025538-55A6-4670-BF45-5F289B8E3855}.Debug|Any CPU.Build.0 = Debug|Any CPU
		{BB025538-55A6-4670-BF45-5F289B8E3855}.Release|Any CPU.ActiveCfg = Release|Any CPU
		{BB025538-55A6-4670-BF45-5F289B8E3855}.Release|Any CPU.Build.0 = Release|Any CPU
	EndGlobalSection
	GlobalSection(SolutionProperties) = preSolution
		HideSolutionNode = FALSE
	EndGlobalSection
	GlobalSection(ExtensibilityGlobals) = postSolution
		SolutionGuid = {E8739845-B856-4697-9E30-67D13A449751}
	EndGlobalSection
EndGlobal
