
Microsoft Visual Studio Solution File, Format Version 12.00
# Visual Studio Version 17
VisualStudioVersion = 17.3.32901.215
MinimumVisualStudioVersion = 10.0.40219.1
Project("{FAE04EC0-301F-11D3-BF4B-00C04F79EFBC}") = "03. Passed or Failed", "03. Passed or Failed.csproj", "{8C02C9CF-A95F-4A45-93D4-79DC3B7D4E5D}"
EndProject
Global
	GlobalSection(SolutionConfigurationPlatforms) = preSolution
		Debug|Any CPU = Debug|Any CPU
		Release|Any CPU = Release|Any CPU
	EndGlobalSection
	GlobalSection(ProjectConfigurationPlatforms) = postSolution
		{8C02C9CF-A95F-4A45-93D4-79DC3B7D4E5D}.Debug|Any CPU.ActiveCfg = Debug|Any CPU
		{8C02C9CF-A95F-4A45-93D4-79DC3B7D4E5D}.Debug|Any CPU.Build.0 = Debug|Any CPU
		{8C02C9CF-A95F-4A45-93D4-79DC3B7D4E5D}.Release|Any CPU.ActiveCfg = Release|Any CPU
		{8C02C9CF-A95F-4A45-93D4-79DC3B7D4E5D}.Release|Any CPU.Build.0 = Release|Any CPU
	EndGlobalSection
	GlobalSection(SolutionProperties) = preSolution
		HideSolutionNode = FALSE
	EndGlobalSection
	GlobalSection(ExtensibilityGlobals) = postSolution
		SolutionGuid = {C73E18DF-6459-47AC-8691-6B46A6858482}
	EndGlobalSection
EndGlobal
