
Microsoft Visual Studio Solution File, Format Version 12.00
# Visual Studio Version 17
VisualStudioVersion = 17.3.32922.545
MinimumVisualStudioVersion = 10.0.40219.1
Project("{FAE04EC0-301F-11D3-BF4B-00C04F79EFBC}") = "1. Train", "1. Train.csproj", "{684B4D3F-1A1E-4AEF-AC3D-3077E36A5DD8}"
EndProject
Global
	GlobalSection(SolutionConfigurationPlatforms) = preSolution
		Debug|Any CPU = Debug|Any CPU
		Release|Any CPU = Release|Any CPU
	EndGlobalSection
	GlobalSection(ProjectConfigurationPlatforms) = postSolution
		{684B4D3F-1A1E-4AEF-AC3D-3077E36A5DD8}.Debug|Any CPU.ActiveCfg = Debug|Any CPU
		{684B4D3F-1A1E-4AEF-AC3D-3077E36A5DD8}.Debug|Any CPU.Build.0 = Debug|Any CPU
		{684B4D3F-1A1E-4AEF-AC3D-3077E36A5DD8}.Release|Any CPU.ActiveCfg = Release|Any CPU
		{684B4D3F-1A1E-4AEF-AC3D-3077E36A5DD8}.Release|Any CPU.Build.0 = Release|Any CPU
	EndGlobalSection
	GlobalSection(SolutionProperties) = preSolution
		HideSolutionNode = FALSE
	EndGlobalSection
	GlobalSection(ExtensibilityGlobals) = postSolution
		SolutionGuid = {E754494F-76F0-47F8-998E-5165C037F7F5}
	EndGlobalSection
EndGlobal
