
Microsoft Visual Studio Solution File, Format Version 12.00
# Visual Studio Version 17
VisualStudioVersion = 17.4.33110.190
MinimumVisualStudioVersion = 10.0.40219.1
Project("{FAE04EC0-301F-11D3-BF4B-00C04F79EFBC}") = "07. String Explosion", "07. String Explosion.csproj", "{22715444-6F26-48B0-9880-519F4D637847}"
EndProject
Global
	GlobalSection(SolutionConfigurationPlatforms) = preSolution
		Debug|Any CPU = Debug|Any CPU
		Release|Any CPU = Release|Any CPU
	EndGlobalSection
	GlobalSection(ProjectConfigurationPlatforms) = postSolution
		{22715444-6F26-48B0-9880-519F4D637847}.Debug|Any CPU.ActiveCfg = Debug|Any CPU
		{22715444-6F26-48B0-9880-519F4D637847}.Debug|Any CPU.Build.0 = Debug|Any CPU
		{22715444-6F26-48B0-9880-519F4D637847}.Release|Any CPU.ActiveCfg = Release|Any CPU
		{22715444-6F26-48B0-9880-519F4D637847}.Release|Any CPU.Build.0 = Release|Any CPU
	EndGlobalSection
	GlobalSection(SolutionProperties) = preSolution
		HideSolutionNode = FALSE
	EndGlobalSection
	GlobalSection(ExtensibilityGlobals) = postSolution
		SolutionGuid = {06C8051B-A091-44EC-A173-139DBB26051F}
	EndGlobalSection
EndGlobal
