
Microsoft Visual Studio Solution File, Format Version 12.00
# Visual Studio Version 17
VisualStudioVersion = 17.3.32929.385
MinimumVisualStudioVersion = 10.0.40219.1
Project("{FAE04EC0-301F-11D3-BF4B-00C04F79EFBC}") = "07. Company Users", "07. Company Users.csproj", "{B1724AEC-B558-479D-A2A4-2C9F7D81EB64}"
EndProject
Global
	GlobalSection(SolutionConfigurationPlatforms) = preSolution
		Debug|Any CPU = Debug|Any CPU
		Release|Any CPU = Release|Any CPU
	EndGlobalSection
	GlobalSection(ProjectConfigurationPlatforms) = postSolution
		{B1724AEC-B558-479D-A2A4-2C9F7D81EB64}.Debug|Any CPU.ActiveCfg = Debug|Any CPU
		{B1724AEC-B558-479D-A2A4-2C9F7D81EB64}.Debug|Any CPU.Build.0 = Debug|Any CPU
		{B1724AEC-B558-479D-A2A4-2C9F7D81EB64}.Release|Any CPU.ActiveCfg = Release|Any CPU
		{B1724AEC-B558-479D-A2A4-2C9F7D81EB64}.Release|Any CPU.Build.0 = Release|Any CPU
	EndGlobalSection
	GlobalSection(SolutionProperties) = preSolution
		HideSolutionNode = FALSE
	EndGlobalSection
	GlobalSection(ExtensibilityGlobals) = postSolution
		SolutionGuid = {DBE8F8E0-52BD-4D8F-8080-7B1B03F44B2D}
	EndGlobalSection
EndGlobal
