
Microsoft Visual Studio Solution File, Format Version 12.00
# Visual Studio Version 17
VisualStudioVersion = 17.3.32929.385
MinimumVisualStudioVersion = 10.0.40219.1
Project("{FAE04EC0-301F-11D3-BF4B-00C04F79EFBC}") = "06. Vehicle Catalogue", "06. Vehicle Catalogue.csproj", "{BCB97B3C-8534-4A21-9591-797CE6490741}"
EndProject
Global
	GlobalSection(SolutionConfigurationPlatforms) = preSolution
		Debug|Any CPU = Debug|Any CPU
		Release|Any CPU = Release|Any CPU
	EndGlobalSection
	GlobalSection(ProjectConfigurationPlatforms) = postSolution
		{BCB97B3C-8534-4A21-9591-797CE6490741}.Debug|Any CPU.ActiveCfg = Debug|Any CPU
		{BCB97B3C-8534-4A21-9591-797CE6490741}.Debug|Any CPU.Build.0 = Debug|Any CPU
		{BCB97B3C-8534-4A21-9591-797CE6490741}.Release|Any CPU.ActiveCfg = Release|Any CPU
		{BCB97B3C-8534-4A21-9591-797CE6490741}.Release|Any CPU.Build.0 = Release|Any CPU
	EndGlobalSection
	GlobalSection(SolutionProperties) = preSolution
		HideSolutionNode = FALSE
	EndGlobalSection
	GlobalSection(ExtensibilityGlobals) = postSolution
		SolutionGuid = {972E8453-D462-4835-9D6F-5D6DAC5976B7}
	EndGlobalSection
EndGlobal
