
Microsoft Visual Studio Solution File, Format Version 12.00
# Visual Studio Version 17
VisualStudioVersion = 17.4.33110.190
MinimumVisualStudioVersion = 10.0.40219.1
Project("{FAE04EC0-301F-11D3-BF4B-00C04F79EFBC}") = "08. Letters Change Numbers", "08. Letters Change Numbers.csproj", "{DD3A5E05-98CB-4289-B505-1F29DED2ADB5}"
EndProject
Global
	GlobalSection(SolutionConfigurationPlatforms) = preSolution
		Debug|Any CPU = Debug|Any CPU
		Release|Any CPU = Release|Any CPU
	EndGlobalSection
	GlobalSection(ProjectConfigurationPlatforms) = postSolution
		{DD3A5E05-98CB-4289-B505-1F29DED2ADB5}.Debug|Any CPU.ActiveCfg = Debug|Any CPU
		{DD3A5E05-98CB-4289-B505-1F29DED2ADB5}.Debug|Any CPU.Build.0 = Debug|Any CPU
		{DD3A5E05-98CB-4289-B505-1F29DED2ADB5}.Release|Any CPU.ActiveCfg = Release|Any CPU
		{DD3A5E05-98CB-4289-B505-1F29DED2ADB5}.Release|Any CPU.Build.0 = Release|Any CPU
	EndGlobalSection
	GlobalSection(SolutionProperties) = preSolution
		HideSolutionNode = FALSE
	EndGlobalSection
	GlobalSection(ExtensibilityGlobals) = postSolution
		SolutionGuid = {70764F9A-552D-48D2-90A8-6528DBBEE59F}
	EndGlobalSection
EndGlobal
