
Microsoft Visual Studio Solution File, Format Version 12.00
# Visual Studio Version 17
VisualStudioVersion = 17.3.32922.545
MinimumVisualStudioVersion = 10.0.40219.1
Project("{FAE04EC0-301F-11D3-BF4B-00C04F79EFBC}") = "05. Add and Subtract", "05. Add and Subtract.csproj", "{0DE5DB72-98C7-4015-B15D-4647E16AF4E9}"
EndProject
Global
	GlobalSection(SolutionConfigurationPlatforms) = preSolution
		Debug|Any CPU = Debug|Any CPU
		Release|Any CPU = Release|Any CPU
	EndGlobalSection
	GlobalSection(ProjectConfigurationPlatforms) = postSolution
		{0DE5DB72-98C7-4015-B15D-4647E16AF4E9}.Debug|Any CPU.ActiveCfg = Debug|Any CPU
		{0DE5DB72-98C7-4015-B15D-4647E16AF4E9}.Debug|Any CPU.Build.0 = Debug|Any CPU
		{0DE5DB72-98C7-4015-B15D-4647E16AF4E9}.Release|Any CPU.ActiveCfg = Release|Any CPU
		{0DE5DB72-98C7-4015-B15D-4647E16AF4E9}.Release|Any CPU.Build.0 = Release|Any CPU
	EndGlobalSection
	GlobalSection(SolutionProperties) = preSolution
		HideSolutionNode = FALSE
	EndGlobalSection
	GlobalSection(ExtensibilityGlobals) = postSolution
		SolutionGuid = {B98BA366-5C63-4192-BF13-4F2016DD9E68}
	EndGlobalSection
EndGlobal
