
Microsoft Visual Studio Solution File, Format Version 12.00
# Visual Studio Version 17
VisualStudioVersion = 17.3.32901.215
MinimumVisualStudioVersion = 10.0.40219.1
Project("{FAE04EC0-301F-11D3-BF4B-00C04F79EFBC}") = "05. Print Part Of ASCII Table", "05. Print Part Of ASCII Table.csproj", "{DAD602B3-F9A4-4989-8B3C-268DC2878274}"
EndProject
Global
	GlobalSection(SolutionConfigurationPlatforms) = preSolution
		Debug|Any CPU = Debug|Any CPU
		Release|Any CPU = Release|Any CPU
	EndGlobalSection
	GlobalSection(ProjectConfigurationPlatforms) = postSolution
		{DAD602B3-F9A4-4989-8B3C-268DC2878274}.Debug|Any CPU.ActiveCfg = Debug|Any CPU
		{DAD602B3-F9A4-4989-8B3C-268DC2878274}.Debug|Any CPU.Build.0 = Debug|Any CPU
		{DAD602B3-F9A4-4989-8B3C-268DC2878274}.Release|Any CPU.ActiveCfg = Release|Any CPU
		{DAD602B3-F9A4-4989-8B3C-268DC2878274}.Release|Any CPU.Build.0 = Release|Any CPU
	EndGlobalSection
	GlobalSection(SolutionProperties) = preSolution
		HideSolutionNode = FALSE
	EndGlobalSection
	GlobalSection(ExtensibilityGlobals) = postSolution
		SolutionGuid = {A391E87D-4B58-44C1-A121-957E9B53B43B}
	EndGlobalSection
EndGlobal
