
Microsoft Visual Studio Solution File, Format Version 12.00
# Visual Studio Version 17
VisualStudioVersion = 17.3.32922.545
MinimumVisualStudioVersion = 10.0.40219.1
Project("{FAE04EC0-301F-11D3-BF4B-00C04F79EFBC}") = "01. Sum Adjacent Equal Numbers", "01. Sum Adjacent Equal Numbers.csproj", "{9ED1A134-1BF4-42FD-BCB7-FCEC07883939}"
EndProject
Global
	GlobalSection(SolutionConfigurationPlatforms) = preSolution
		Debug|Any CPU = Debug|Any CPU
		Release|Any CPU = Release|Any CPU
	EndGlobalSection
	GlobalSection(ProjectConfigurationPlatforms) = postSolution
		{9ED1A134-1BF4-42FD-BCB7-FCEC07883939}.Debug|Any CPU.ActiveCfg = Debug|Any CPU
		{9ED1A134-1BF4-42FD-BCB7-FCEC07883939}.Debug|Any CPU.Build.0 = Debug|Any CPU
		{9ED1A134-1BF4-42FD-BCB7-FCEC07883939}.Release|Any CPU.ActiveCfg = Release|Any CPU
		{9ED1A134-1BF4-42FD-BCB7-FCEC07883939}.Release|Any CPU.Build.0 = Release|Any CPU
	EndGlobalSection
	GlobalSection(SolutionProperties) = preSolution
		HideSolutionNode = FALSE
	EndGlobalSection
	GlobalSection(ExtensibilityGlobals) = postSolution
		SolutionGuid = {06242203-CBD6-4E3B-8F20-75417A7C1E09}
	EndGlobalSection
EndGlobal
