
Microsoft Visual Studio Solution File, Format Version 12.00
# Visual Studio Version 17
VisualStudioVersion = 17.3.32929.385
MinimumVisualStudioVersion = 10.0.40219.1
Project("{FAE04EC0-301F-11D3-BF4B-00C04F79EFBC}") = "02. Character Multiplier", "02. Character Multiplier.csproj", "{2DD7C627-2618-42A2-BCD9-D319F20266BF}"
EndProject
Global
	GlobalSection(SolutionConfigurationPlatforms) = preSolution
		Debug|Any CPU = Debug|Any CPU
		Release|Any CPU = Release|Any CPU
	EndGlobalSection
	GlobalSection(ProjectConfigurationPlatforms) = postSolution
		{2DD7C627-2618-42A2-BCD9-D319F20266BF}.Debug|Any CPU.ActiveCfg = Debug|Any CPU
		{2DD7C627-2618-42A2-BCD9-D319F20266BF}.Debug|Any CPU.Build.0 = Debug|Any CPU
		{2DD7C627-2618-42A2-BCD9-D319F20266BF}.Release|Any CPU.ActiveCfg = Release|Any CPU
		{2DD7C627-2618-42A2-BCD9-D319F20266BF}.Release|Any CPU.Build.0 = Release|Any CPU
	EndGlobalSection
	GlobalSection(SolutionProperties) = preSolution
		HideSolutionNode = FALSE
	EndGlobalSection
	GlobalSection(ExtensibilityGlobals) = postSolution
		SolutionGuid = {5C704EF9-6E1A-45E0-9163-2EEE9DB325D4}
	EndGlobalSection
EndGlobal
