
Microsoft Visual Studio Solution File, Format Version 12.00
# Visual Studio Version 17
VisualStudioVersion = 17.4.33110.190
MinimumVisualStudioVersion = 10.0.40219.1
Project("{FAE04EC0-301F-11D3-BF4B-00C04F79EFBC}") = "02. Race", "02. Race.csproj", "{C2525B5C-FEE5-4246-B02A-EC40E74C30B7}"
EndProject
Global
	GlobalSection(SolutionConfigurationPlatforms) = preSolution
		Debug|Any CPU = Debug|Any CPU
		Release|Any CPU = Release|Any CPU
	EndGlobalSection
	GlobalSection(ProjectConfigurationPlatforms) = postSolution
		{C2525B5C-FEE5-4246-B02A-EC40E74C30B7}.Debug|Any CPU.ActiveCfg = Debug|Any CPU
		{C2525B5C-FEE5-4246-B02A-EC40E74C30B7}.Debug|Any CPU.Build.0 = Debug|Any CPU
		{C2525B5C-FEE5-4246-B02A-EC40E74C30B7}.Release|Any CPU.ActiveCfg = Release|Any CPU
		{C2525B5C-FEE5-4246-B02A-EC40E74C30B7}.Release|Any CPU.Build.0 = Release|Any CPU
	EndGlobalSection
	GlobalSection(SolutionProperties) = preSolution
		HideSolutionNode = FALSE
	EndGlobalSection
	GlobalSection(ExtensibilityGlobals) = postSolution
		SolutionGuid = {151E078D-4115-43F3-A300-515EB84254CE}
	EndGlobalSection
EndGlobal
